{
  "name": "library",
  "version": "1.0.0",
  "lockfileVersion": 1,
  "requires": true,
  "dependencies": {
    "bootstrap": {
      "version": "file:bootstrap"
    },
    "bootstrap-select": {
      "version": "file:bootstrap-select"
    },
    "bootstrap-table": {
      "version": "1.15.4",
      "resolved": "https://registry.npmjs.org/bootstrap-table/-/bootstrap-table-1.15.4.tgz",
      "integrity": "sha512-hGp0480hLFQrqilnITEdJDhdes8zNwptQ7688osKhd1itCkRLrYbIIBFZ3eUanfS7oXxxmarN4krEqDLkrAw8Q=="
    },
    "datatables.net": {
      "version": "1.10.20",
      "resolved": "https://registry.npmjs.org/datatables.net/-/datatables.net-1.10.20.tgz",
      "integrity": "sha512-4E4S7tTU607N3h0fZPkGmAtr9mwy462u+VJ6gxYZ8MxcRIjZqHy3Dv1GNry7i3zQCktTdWbULVKBbkAJkuHEnQ==",
      "requires": {
        "jquery": "3.4.1"
      }
    },
    "datatables.net-dt": {
      "version": "1.10.20",
      "resolved": "https://registry.npmjs.org/datatables.net-dt/-/datatables.net-dt-1.10.20.tgz",
      "integrity": "sha512-D+65buDke96a3WlJo2re+SbcAVfjPh2nsFZG198Vbkz3i1wKPdB+wkV2K07qYIiIpypcXWOnD2pz3MvnUqM9Tw==",
      "requires": {
        "datatables.net": "1.10.20",
        "jquery": "3.4.1"
      }
    },
    "element-closest": {
      "version": "2.0.2",
      "resolved": "https://registry.npmjs.org/element-closest/-/element-closest-2.0.2.tgz",
      "integrity": "sha1-cqdAoQdFM4LijfnOXbtajfD5Zuw="
    },
    "executioner": {
      "version": "2.0.1",
      "resolved": "https://registry.npmjs.org/executioner/-/executioner-2.0.1.tgz",
      "integrity": "sha1-rdMo4DvEXdWY81j7tSn8C+Dsb80=",
      "dev": true,
      "requires": {
        "mixly": "1.0.0"
      }
    },
    "fulcon": {
      "version": "1.0.2",
      "resolved": "https://registry.npmjs.org/fulcon/-/fulcon-1.0.2.tgz",
      "integrity": "sha1-ik39pMc/zZzGKnnVBFw5K0VUcyA=",
      "dev": true
    },
    "install-peers": {
      "version": "1.0.3",
      "resolved": "https://registry.npmjs.org/install-peers/-/install-peers-1.0.3.tgz",
      "integrity": "sha512-MAlSHlrn4p+g3fhx8ZVxQZXX+MkeinKLu/ThfAmrVnN5c2L8Vof7myb0UsgowJEiGcFNHYnTvo37r3uap5asYA==",
      "dev": true,
      "requires": {
        "executioner": "2.0.1"
      }
    },
    "jquery": {
      "version": "3.4.1",
      "resolved": "https://registry.npmjs.org/jquery/-/jquery-3.4.1.tgz",
      "integrity": "sha512-36+AdBzCL+y6qjw5Tx7HgzeGCzC81MDDgaUP8ld2zhx58HdqXGoBd+tHdrBMiyjGQs0Hxs/MLZTu/eHNJJuWPw=="
    },
    "mixly": {
      "version": "1.0.0",
      "resolved": "https://registry.npmjs.org/mixly/-/mixly-1.0.0.tgz",
      "integrity": "sha1-m1ouH2Pm37oNMOZ5f/rmKrHcJO8=",
      "dev": true,
      "requires": {
        "fulcon": "1.0.2"
      }
    },
    "popper.js": {
      "version": "1.16.0",
      "resolved": "https://registry.npmjs.org/popper.js/-/popper.js-1.16.0.tgz",
      "integrity": "sha512-+G+EkOPoE5S/zChTpmBSSDYmhXJ5PsW8eMhH8cP/CQHMFPBG/kC9Y5IIw6qNYgdJ+/COf0ddY2li28iHaZRSjw=="
    },
    "select2": {
      "version": "4.0.11",
      "resolved": "https://registry.npmjs.org/select2/-/select2-4.0.11.tgz",
      "integrity": "sha512-8Z/yd43F5EMOkz2Mo+aE7nOx2i8nSuxGZVFkbeyCklkU+WTwCa+xdZqG+IPgZ75lkEkLD+X+f8vEG9aKBxISqA=="
    },
    "selectpage": {
      "version": "2.19.0",
      "resolved": "https://registry.npmjs.org/selectpage/-/selectpage-2.19.0.tgz",
      "integrity": "sha512-DWta72PkqriW7KK9IDc8bRgHKvO5NBnYtNVTysThjrIFDhGYcgdpPjnhw/0uSTmqte7addg5gkLg3Q69ChN5yw==",
      "requires": {
        "jquery": "1.12.4"
      },
      "dependencies": {
        "jquery": {
          "version": "1.12.4",
          "resolved": "https://registry.npmjs.org/jquery/-/jquery-1.12.4.tgz",
          "integrity": "sha1-AeHfuikP5z3rp3zurLD5ui/sngw="
        }
      }
    },
    "vanilla-select": {
      "version": "1.0.13",
      "resolved": "https://registry.npmjs.org/vanilla-select/-/vanilla-select-1.0.13.tgz",
      "integrity": "sha512-ougCS+4z5IUH5pJci4qMQcZgJH5zQ4JDNtS31lg2gRz1CdH48arhLDYugXnHgM2hstJbQtsdPBRpk5kbeC7jJQ==",
      "requires": {
        "element-closest": "2.0.2"
      }
    }
  }
}
